# THIS IS AN AUTOGENERATED FILE. DO NOT EDIT THIS FILE DIRECTLY.
# yarn lockfile v1


commander@^12.0.0:
  version "12.0.0"
  resolved "https://registry.yarnpkg.com/commander/-/commander-12.0.0.tgz#b929db6df8546080adfd004ab215ed48cf6f2592"
  integrity sha512-MwVNWlYjDTtOjX5PiD7o5pK0UrFU/OYgcJfjjK4RaHZETNtjJqrZa9Y9ds88+A+f+d5lv+561eZ+yCKoS3gbAA==

dice.js@^0.9.0:
  version "0.9.3"
  resolved "https://registry.yarnpkg.com/dice.js/-/dice.js-0.9.3.tgz#ca257e1c7d2df040aa68153befff480f0c3b4592"
  integrity sha512-ZKAeI2BQjw6E7vg53UxGIkl899BTjoVvOkxHRQn0kmt4nIYDGhGf5GfjWDXXV0nmWXZz/dIKe4xT/QpY0kQsbw==

mkdirp@^3.0.1:
  version "3.0.1"
  resolved "https://registry.yarnpkg.com/mkdirp/-/mkdirp-3.0.1.tgz#e44e4c5607fb279c168241713cc6e0fea9adcb50"
  integrity sha512-+NsyUUAZDmo6YVHzL/stxSu3t9YS1iljliy3BSDrXJ/dkn1KYdmtZODGGjLcc9XLgVVpH4KshHB8XmZgMhaBXg==

untildify@^5.0.0:
  version "5.0.0"
  resolved "https://registry.yarnpkg.com/untildify/-/untildify-5.0.0.tgz#3e40c5dd67518cb8582a027b78d3c2747234f921"
  integrity sha512-bOgQLUnd2G5rhzaTvh1VCI9Fo6bC5cLTpH17T5aFfamyXFYDbbdzN6IXdeoc3jBS7T9hNTmJtYUzJCJ2Xlc9gA==
